
Microsoft Visual Studio Solution File, Format Version 12.00
# Visual Studio Version 16
VisualStudioVersion = 16.0.31911.196
MinimumVisualStudioVersion = 10.0.40219.1
Project("{FAE04EC0-301F-11D3-BF4B-00C04F79EFBC}") = "TravelableProject.Server", "TravelableProject\Server\TravelableProject.Server.csproj", "{D9439D61-6ED3-4E54-93F0-89E6FB94B2F1}"
EndProject
Project("{FAE04EC0-301F-11D3-BF4B-00C04F79EFBC}") = "TravelableProject.Client", "TravelableProject\Client\TravelableProject.Client.csproj", "{7372271D-B998-4E04-B005-DDDEE8EEDD96}"
EndProject
Project("{FAE04EC0-301F-11D3-BF4B-00C04F79EFBC}") = "TravelableProject.Shared", "TravelableProject\Shared\TravelableProject.Shared.csproj", "{5E238996-7C14-4473-A50E-69A0ACA342F9}"
EndProject
Global
	GlobalSection(SolutionConfigurationPlatforms) = preSolution
		Debug|Any CPU = Debug|Any CPU
		Release|Any CPU = Release|Any CPU
	EndGlobalSection
	GlobalSection(ProjectConfigurationPlatforms) = postSolution
		{D9439D61-6ED3-4E54-93F0-89E6FB94B2F1}.Debug|Any CPU.ActiveCfg = Debug|Any CPU
		{D9439D61-6ED3-4E54-93F0-89E6FB94B2F1}.Debug|Any CPU.Build.0 = Debug|Any CPU
		{D9439D61-6ED3-4E54-93F0-89E6FB94B2F1}.Release|Any CPU.ActiveCfg = Release|Any CPU
		{D9439D61-6ED3-4E54-93F0-89E6FB94B2F1}.Release|Any CPU.Build.0 = Release|Any CPU
		{7372271D-B998-4E04-B005-DDDEE8EEDD96}.Debug|Any CPU.ActiveCfg = Debug|Any CPU
		{7372271D-B998-4E04-B005-DDDEE8EEDD96}.Debug|Any CPU.Build.0 = Debug|Any CPU
		{7372271D-B998-4E04-B005-DDDEE8EEDD96}.Release|Any CPU.ActiveCfg = Release|Any CPU
		{7372271D-B998-4E04-B005-DDDEE8EEDD96}.Release|Any CPU.Build.0 = Release|Any CPU
		{5E238996-7C14-4473-A50E-69A0ACA342F9}.Debug|Any CPU.ActiveCfg = Debug|Any CPU
		{5E238996-7C14-4473-A50E-69A0ACA342F9}.Debug|Any CPU.Build.0 = Debug|Any CPU
		{5E238996-7C14-4473-A50E-69A0ACA342F9}.Release|Any CPU.ActiveCfg = Release|Any CPU
		{5E238996-7C14-4473-A50E-69A0ACA342F9}.Release|Any CPU.Build.0 = Release|Any CPU
	EndGlobalSection
	GlobalSection(SolutionProperties) = preSolution
		HideSolutionNode = FALSE
	EndGlobalSection
	GlobalSection(ExtensibilityGlobals) = postSolution
		SolutionGuid = {C15A2072-CE13-4A7B-97A4-DE3F2F1FE148}
	EndGlobalSection
EndGlobal
